// !$*UTF8*$!
{
	archiveVersion = 1;
	classes = {
	};
	objectVersion = 46;
	objects = {

/* Begin PBXBuildFile section */
		1D452C231B14F38A00672838 /* AppDelegate.swift in Sources */ = {isa = PBXBuildFile; fileRef = 1D452C221B14F38A00672838 /* AppDelegate.swift */; };
		1D452C251B14F38A00672838 /* MemeEditorViewController.swift in Sources */ = {isa = PBXBuildFile; fileRef = 1D452C241B14F38A00672838 /* MemeEditorViewController.swift */; };
		1D452C281B14F38A00672838 /* Main.storyboard in Resources */ = {isa = PBXBuildFile; fileRef = 1D452C261B14F38A00672838 /* Main.storyboard */; };
		1D452C2A1B14F38A00672838 /* Images.xcassets in Resources */ = {isa = PBXBuildFile; fileRef = 1D452C291B14F38A00672838 /* Images.xcassets */; };
		1D452C2D1B14F38A00672838 /* LaunchScreen.xib in Resources */ = {isa = PBXBuildFile; fileRef = 1D452C2B1B14F38A00672838 /* LaunchScreen.xib */; };
		1D452C391B14F38A00672838 /* MemeMeTests.swift in Sources */ = {isa = PBXBuildFile; fileRef = 1D452C381B14F38A00672838 /* MemeMeTests.swift */; };
		1D452C481B14F4EF00672838 /* MemeCollectionViewController.swift in Sources */ = {isa = PBXBuildFile; fileRef = 1D452C471B14F4EF00672838 /* MemeCollectionViewController.swift */; };
		1D452C4A1B14F50100672838 /* MemeTableViewController.swift in Sources */ = {isa = PBXBuildFile; fileRef = 1D452C491B14F50100672838 /* MemeTableViewController.swift */; };
		1D452C4C1B14F55200672838 /* Meme.swift in Sources */ = {isa = PBXBuildFile; fileRef = 1D452C4B1B14F55200672838 /* Meme.swift */; };
		1D452C4E1B151E4500672838 /* SentMemesViewController.swift in Sources */ = {isa = PBXBuildFile; fileRef = 1D452C4D1B151E4500672838 /* SentMemesViewController.swift */; };
		1D452C501B151E6400672838 /* MemeDetailViewController.swift in Sources */ = {isa = PBXBuildFile; fileRef = 1D452C4F1B151E6400672838 /* MemeDetailViewController.swift */; };
/* End PBXBuildFile section */

/* Begin PBXContainerItemProxy section */
		1D452C331B14F38A00672838 /* PBXContainerItemProxy */ = {
			isa = PBXContainerItemProxy;
			containerPortal = 1D452C151B14F38A00672838 /* Project object */;
			proxyType = 1;
			remoteGlobalIDString = 1D452C1C1B14F38A00672838;
			remoteInfo = MemeMe;
		};
/* End PBXContainerItemProxy section */

/* Begin PBXFileReference section */
		1D452C1D1B14F38A00672838 /* MemeMe.app */ = {isa = PBXFileReference; explicitFileType = wrapper.application; includeInIndex = 0; path = MemeMe.app; sourceTree = BUILT_PRODUCTS_DIR; };
		1D452C211B14F38A00672838 /* Info.plist */ = {isa = PBXFileReference; lastKnownFileType = text.plist.xml; path = Info.plist; sourceTree = "<group>"; };
		1D452C221B14F38A00672838 /* AppDelegate.swift */ = {isa = PBXFileReference; lastKnownFileType = sourcecode.swift; name = AppDelegate.swift; path = /Users/flipens/Documents/Udacity/MemeMe/MemeMe/AppDelegate/AppDelegate.swift; sourceTree = "<absolute>"; };
		1D452C241B14F38A00672838 /* MemeEditorViewController.swift */ = {isa = PBXFileReference; lastKnownFileType = sourcecode.swift; name = MemeEditorViewController.swift; path = /Users/flipens/Documents/Udacity/MemeMe/MemeMe/Classes/Controllers/MemeEditorViewController.swift; sourceTree = "<absolute>"; };
		1D452C271B14F38A00672838 /* Base */ = {isa = PBXFileReference; lastKnownFileType = file.storyboard; name = Base; path = Base.lproj/Main.storyboard; sourceTree = "<group>"; };
		1D452C291B14F38A00672838 /* Images.xcassets */ = {isa = PBXFileReference; lastKnownFileType = folder.assetcatalog; path = Images.xcassets; sourceTree = "<group>"; };
		1D452C2C1B14F38A00672838 /* Base */ = {isa = PBXFileReference; lastKnownFileType = file.xib; name = Base; path = Base.lproj/LaunchScreen.xib; sourceTree = "<group>"; };
		1D452C321B14F38A00672838 /* MemeMeTests.xctest */ = {isa = PBXFileReference; explicitFileType = wrapper.cfbundle; includeInIndex = 0; path = MemeMeTests.xctest; sourceTree = BUILT_PRODUCTS_DIR; };
		1D452C371B14F38A00672838 /* Info.plist */ = {isa = PBXFileReference; lastKnownFileType = text.plist.xml; path = Info.plist; sourceTree = "<group>"; };
		1D452C381B14F38A00672838 /* MemeMeTests.swift */ = {isa = PBXFileReference; lastKnownFileType = sourcecode.swift; path = MemeMeTests.swift; sourceTree = "<group>"; };
		1D452C471B14F4EF00672838 /* MemeCollectionViewController.swift */ = {isa = PBXFileReference; fileEncoding = 4; lastKnownFileType = sourcecode.swift; name = MemeCollectionViewController.swift; path = Classes/Controllers/MemeCollectionViewController.swift; sourceTree = "<group>"; };
		1D452C491B14F50100672838 /* MemeTableViewController.swift */ = {isa = PBXFileReference; fileEncoding = 4; lastKnownFileType = sourcecode.swift; name = MemeTableViewController.swift; path = Classes/Controllers/MemeTableViewController.swift; sourceTree = "<group>"; };
		1D452C4B1B14F55200672838 /* Meme.swift */ = {isa = PBXFileReference; fileEncoding = 4; lastKnownFileType = sourcecode.swift; name = Meme.swift; path = Classes/Model/Meme.swift; sourceTree = "<group>"; };
		1D452C4D1B151E4500672838 /* SentMemesViewController.swift */ = {isa = PBXFileReference; fileEncoding = 4; lastKnownFileType = sourcecode.swift; name = SentMemesViewController.swift; path = Classes/Controllers/SentMemesViewController.swift; sourceTree = "<group>"; };
		1D452C4F1B151E6400672838 /* MemeDetailViewController.swift */ = {isa = PBXFileReference; fileEncoding = 4; lastKnownFileType = sourcecode.swift; name = MemeDetailViewController.swift; path = Classes/Controllers/MemeDetailViewController.swift; sourceTree = "<group>"; };
/* End PBXFileReference section */

/* Begin PBXFrameworksBuildPhase section */
		1D452C1A1B14F38A00672838 /* Frameworks */ = {
			isa = PBXFrameworksBuildPhase;
			buildActionMask = 2147483647;
			files = (
			);
			runOnlyForDeploymentPostprocessing = 0;
		};
		1D452C2F1B14F38A00672838 /* Frameworks */ = {
			isa = PBXFrameworksBuildPhase;
			buildActionMask = 2147483647;
			files = (
			);
			runOnlyForDeploymentPostprocessing = 0;
		};
/* End PBXFrameworksBuildPhase section */

/* Begin PBXGroup section */
		1D452C141B14F38A00672838 = {
			isa = PBXGroup;
			children = (
				1D452C1F1B14F38A00672838 /* MemeMe */,
				1D452C351B14F38A00672838 /* MemeMeTests */,
				1D452C1E1B14F38A00672838 /* Products */,
			);
			sourceTree = "<group>";
		};
		1D452C1E1B14F38A00672838 /* Products */ = {
			isa = PBXGroup;
			children = (
				1D452C1D1B14F38A00672838 /* MemeMe.app */,
				1D452C321B14F38A00672838 /* MemeMeTests.xctest */,
			);
			name = Products;
			sourceTree = "<group>";
		};
		1D452C1F1B14F38A00672838 /* MemeMe */ = {
			isa = PBXGroup;
			children = (
				1D452C421B14F3A800672838 /* AppDelegate */,
				1D452C431B14F3AF00672838 /* Classes */,
				1D452C461B14F3EB00672838 /* Resources */,
				1D452C201B14F38A00672838 /* Supporting Files */,
			);
			path = MemeMe;
			sourceTree = "<group>";
		};
		1D452C201B14F38A00672838 /* Supporting Files */ = {
			isa = PBXGroup;
			children = (
				1D452C211B14F38A00672838 /* Info.plist */,
			);
			name = "Supporting Files";
			sourceTree = "<group>";
		};
		1D452C351B14F38A00672838 /* MemeMeTests */ = {
			isa = PBXGroup;
			children = (
				1D452C381B14F38A00672838 /* MemeMeTests.swift */,
				1D452C361B14F38A00672838 /* Supporting Files */,
			);
			path = MemeMeTests;
			sourceTree = "<group>";
		};
		1D452C361B14F38A00672838 /* Supporting Files */ = {
			isa = PBXGroup;
			children = (
				1D452C371B14F38A00672838 /* Info.plist */,
			);
			name = "Supporting Files";
			sourceTree = "<group>";
		};
		1D452C421B14F3A800672838 /* AppDelegate */ = {
			isa = PBXGroup;
			children = (
				1D452C221B14F38A00672838 /* AppDelegate.swift */,
			);
			name = AppDelegate;
			sourceTree = "<group>";
		};
		1D452C431B14F3AF00672838 /* Classes */ = {
			isa = PBXGroup;
			children = (
				1D452C451B14F3BF00672838 /* Model */,
				1D452C441B14F3B600672838 /* Controllers */,
			);
			name = Classes;
			sourceTree = "<group>";
		};
		1D452C441B14F3B600672838 /* Controllers */ = {
			isa = PBXGroup;
			children = (
				1D452C4D1B151E4500672838 /* SentMemesViewController.swift */,
				1D452C491B14F50100672838 /* MemeTableViewController.swift */,
				1D452C471B14F4EF00672838 /* MemeCollectionViewController.swift */,
				1D452C241B14F38A00672838 /* MemeEditorViewController.swift */,
				1D452C4F1B151E6400672838 /* MemeDetailViewController.swift */,
			);
			name = Controllers;
			sourceTree = "<group>";
		};
		1D452C451B14F3BF00672838 /* Model */ = {
			isa = PBXGroup;
			children = (
				1D452C4B1B14F55200672838 /* Meme.swift */,
			);
			name = Model;
			sourceTree = "<group>";
		};
		1D452C461B14F3EB00672838 /* Resources */ = {
			isa = PBXGroup;
			children = (
				1D452C261B14F38A00672838 /* Main.storyboard */,
				1D452C291B14F38A00672838 /* Images.xcassets */,
				1D452C2B1B14F38A00672838 /* LaunchScreen.xib */,
			);
			name = Resources;
			sourceTree = "<group>";
		};
/* End PBXGroup section */

/* Begin PBXNativeTarget section */
		1D452C1C1B14F38A00672838 /* MemeMe */ = {
			isa = PBXNativeTarget;
			buildConfigurationList = 1D452C3C1B14F38A00672838 /* Build configuration list for PBXNativeTarget "MemeMe" */;
			buildPhases = (
				1D452C191B14F38A00672838 /* Sources */,
				1D452C1A1B14F38A00672838 /* Frameworks */,
				1D452C1B1B14F38A00672838 /* Resources */,
			);
			buildRules = (
			);
			dependencies = (
			);
			name = MemeMe;
			productName = MemeMe;
			productReference = 1D452C1D1B14F38A00672838 /* MemeMe.app */;
			productType = "com.apple.product-type.application";
		};
		1D452C311B14F38A00672838 /* MemeMeTests */ = {
			isa = PBXNativeTarget;
			buildConfigurationList = 1D452C3F1B14F38A00672838 /* Build configuration list for PBXNativeTarget "MemeMeTests" */;
			buildPhases = (
				1D452C2E1B14F38A00672838 /* Sources */,
				1D452C2F1B14F38A00672838 /* Frameworks */,
				1D452C301B14F38A00672838 /* Resources */,
			);
			buildRules = (
			);
			dependencies = (
				1D452C341B14F38A00672838 /* PBXTargetDependency */,
			);
			name = MemeMeTests;
			productName = MemeMeTests;
			productReference = 1D452C321B14F38A00672838 /* MemeMeTests.xctest */;
			productType = "com.apple.product-type.bundle.unit-test";
		};
/* End PBXNativeTarget section */

/* Begin PBXProject section */
		1D452C151B14F38A00672838 /* Project object */ = {
			isa = PBXProject;
			attributes = {
				LastUpgradeCheck = 0630;
				ORGANIZATIONNAME = "Felipe Lloret";
				TargetAttributes = {
					1D452C1C1B14F38A00672838 = {
						CreatedOnToolsVersion = 6.3.2;
					};
					1D452C311B14F38A00672838 = {
						CreatedOnToolsVersion = 6.3.2;
						TestTargetID = 1D452C1C1B14F38A00672838;
					};
				};
			};
			buildConfigurationList = 1D452C181B14F38A00672838 /* Build configuration list for PBXProject "MemeMe" */;
			compatibilityVersion = "Xcode 3.2";
			developmentRegion = English;
			hasScannedForEncodings = 0;
			knownRegions = (
				en,
				Base,
			);
			mainGroup = 1D452C141B14F38A00672838;
			productRefGroup = 1D452C1E1B14F38A00672838 /* Products */;
			projectDirPath = "";
			projectRoot = "";
			targets = (
				1D452C1C1B14F38A00672838 /* MemeMe */,
				1D452C311B14F38A00672838 /* MemeMeTests */,
			);
		};
/* End PBXProject section */

/* Begin PBXResourcesBuildPhase section */
		1D452C1B1B14F38A00672838 /* Resources */ = {
			isa = PBXResourcesBuildPhase;
			buildActionMask = 2147483647;
			files = (
				1D452C281B14F38A00672838 /* Main.storyboard in Resources */,
				1D452C2D1B14F38A00672838 /* LaunchScreen.xib in Resources */,
				1D452C2A1B14F38A00672838 /* Images.xcassets in Resources */,
			);
			runOnlyForDeploymentPostprocessing = 0;
		};
		1D452C301B14F38A00672838 /* Resources */ = {
			isa = PBXResourcesBuildPhase;
			buildActionMask = 2147483647;
			files = (
			);
			runOnlyForDeploymentPostprocessing = 0;
		};
/* End PBXResourcesBuildPhase section */

/* Begin PBXSourcesBuildPhase section */
		1D452C191B14F38A00672838 /* Sources */ = {
			isa = PBXSourcesBuildPhase;
			buildActionMask = 2147483647;
			files = (
				1D452C4E1B151E4500672838 /* SentMemesViewController.swift in Sources */,
				1D452C251B14F38A00672838 /* MemeEditorViewController.swift in Sources */,
				1D452C481B14F4EF00672838 /* MemeCollectionViewController.swift in Sources */,
				1D452C231B14F38A00672838 /* AppDelegate.swift in Sources */,
				1D452C501B151E6400672838 /* MemeDetailViewController.swift in Sources */,
				1D452C4A1B14F50100672838 /* MemeTableViewController.swift in Sources */,
				1D452C4C1B14F55200672838 /* Meme.swift in Sources */,
			);
			runOnlyForDeploymentPostprocessing = 0;
		};
		1D452C2E1B14F38A00672838 /* Sources */ = {
			isa = PBXSourcesBuildPhase;
			buildActionMask = 2147483647;
			files = (
				1D452C391B14F38A00672838 /* MemeMeTests.swift in Sources */,
			);
			runOnlyForDeploymentPostprocessing = 0;
		};
/* End PBXSourcesBuildPhase section */

/* Begin PBXTargetDependency section */
		1D452C341B14F38A00672838 /* PBXTargetDependency */ = {
			isa = PBXTargetDependency;
			target = 1D452C1C1B14F38A00672838 /* MemeMe */;
			targetProxy = 1D452C331B14F38A00672838 /* PBXContainerItemProxy */;
		};
/* End PBXTargetDependency section */

/* Begin PBXVariantGroup section */
		1D452C261B14F38A00672838 /* Main.storyboard */ = {
			isa = PBXVariantGroup;
			children = (
				1D452C271B14F38A00672838 /* Base */,
			);
			name = Main.storyboard;
			sourceTree = "<group>";
		};
		1D452C2B1B14F38A00672838 /* LaunchScreen.xib */ = {
			isa = PBXVariantGroup;
			children = (
				1D452C2C1B14F38A00672838 /* Base */,
			);
			name = LaunchScreen.xib;
			sourceTree = "<group>";
		};
/* End PBXVariantGroup section */

/* Begin XCBuildConfiguration section */
		1D452C3A1B14F38A00672838 /* Debug */ = {
			isa = XCBuildConfiguration;
			buildSettings = {
				ALWAYS_SEARCH_USER_PATHS = NO;
				CLANG_CXX_LANGUAGE_STANDARD = "gnu++0x";
				CLANG_CXX_LIBRARY = "libc++";
				CLANG_ENABLE_MODULES = YES;
				CLANG_ENABLE_OBJC_ARC = YES;
				CLANG_WARN_BOOL_CONVERSION = YES;
				CLANG_WARN_CONSTANT_CONVERSION = YES;
				CLANG_WARN_DIRECT_OBJC_ISA_USAGE = YES_ERROR;
				CLANG_WARN_EMPTY_BODY = YES;
				CLANG_WARN_ENUM_CONVERSION = YES;
				CLANG_WARN_INT_CONVERSION = YES;
				CLANG_WARN_OBJC_ROOT_CLASS = YES_ERROR;
				CLANG_WARN_UNREACHABLE_CODE = YES;
				CLANG_WARN__DUPLICATE_METHOD_MATCH = YES;
				"CODE_SIGN_IDENTITY[sdk=iphoneos*]" = "iPhone Developer";
				COPY_PHASE_STRIP = NO;
				DEBUG_INFORMATION_FORMAT = "dwarf-with-dsym";
				ENABLE_STRICT_OBJC_MSGSEND = YES;
				GCC_C_LANGUAGE_STANDARD = gnu99;
				GCC_DYNAMIC_NO_PIC = NO;
				GCC_NO_COMMON_BLOCKS = YES;
				GCC_OPTIMIZATION_LEVEL = 0;
				GCC_PREPROCESSOR_DEFINITIONS = (
					"DEBUG=1",
					"$(inherited)",
				);
				GCC_SYMBOLS_PRIVATE_EXTERN = NO;
				GCC_WARN_64_TO_32_BIT_CONVERSION = YES;
				GCC_WARN_ABOUT_RETURN_TYPE = YES_ERROR;
				GCC_WARN_UNDECLARED_SELECTOR = YES;
				GCC_WARN_UNINITIALIZED_AUTOS = YES_AGGRESSIVE;
				GCC_WARN_UNUSED_FUNCTION = YES;
				GCC_WARN_UNUSED_VARIABLE = YES;
				IPHONEOS_DEPLOYMENT_TARGET = 8.3;
				MTL_ENABLE_DEBUG_INFO = YES;
				ONLY_ACTIVE_ARCH = YES;
				SDKROOT = iphoneos;
				SWIFT_OPTIMIZATION_LEVEL = "-Onone";
			};
			name = Debug;
		};
		1D452C3B1B14F38A00672838 /* Release */ = {
			isa = XCBuildConfiguration;
			buildSettings = {
				ALWAYS_SEARCH_USER_PATHS = NO;
				CLANG_CXX_LANGUAGE_STANDARD = "gnu++0x";
				CLANG_CXX_LIBRARY = "libc++";
				CLANG_ENABLE_MODULES = YES;
				CLANG_ENABLE_OBJC_ARC = YES;
				CLANG_WARN_BOOL_CONVERSION = YES;
				CLANG_WARN_CONSTANT_CONVERSION = YES;
				CLANG_WARN_DIRECT_OBJC_ISA_USAGE = YES_ERROR;
				CLANG_WARN_EMPTY_BODY = YES;
				CLANG_WARN_ENUM_CONVERSION = YES;
				CLANG_WARN_INT_CONVERSION = YES;
				CLANG_WARN_OBJC_ROOT_CLASS = YES_ERROR;
				CLANG_WARN_UNREACHABLE_CODE = YES;
				CLANG_WARN__DUPLICATE_METHOD_MATCH = YES;
				"CODE_SIGN_IDENTITY[sdk=iphoneos*]" = "iPhone Developer";
				COPY_PHASE_STRIP = NO;
				DEBUG_INFORMATION_FORMAT = "dwarf-with-dsym";
				ENABLE_NS_ASSERTIONS = NO;
				ENABLE_STRICT_OBJC_MSGSEND = YES;
				GCC_C_LANGUAGE_STANDARD = gnu99;
				GCC_NO_COMMON_BLOCKS = YES;
				GCC_WARN_64_TO_32_BIT_CONVERSION = YES;
				GCC_WARN_ABOUT_RETURN_TYPE = YES_ERROR;
				GCC_WARN_UNDECLARED_SELECTOR = YES;
				GCC_WARN_UNINITIALIZED_AUTOS = YES_AGGRESSIVE;
				GCC_WARN_UNUSED_FUNCTION = YES;
				GCC_WARN_UNUSED_VARIABLE = YES;
				IPHONEOS_DEPLOYMENT_TARGET = 8.3;
				MTL_ENABLE_DEBUG_INFO = NO;
				SDKROOT = iphoneos;
				VALIDATE_PRODUCT = YES;
			};
			name = Release;
		};
		1D452C3D1B14F38A00672838 /* Debug */ = {
			isa = XCBuildConfiguration;
			buildSettings = {
				ASSETCATALOG_COMPILER_APPICON_NAME = AppIcon;
				INFOPLIST_FILE = MemeMe/Info.plist;
				LD_RUNPATH_SEARCH_PATHS = "$(inherited) @executable_path/Frameworks";
				PRODUCT_NAME = "$(TARGET_NAME)";
			};
			name = Debug;
		};
		1D452C3E1B14F38A00672838 /* Release */ = {
			isa = XCBuildConfiguration;
			buildSettings = {
				ASSETCATALOG_COMPILER_APPICON_NAME = AppIcon;
				INFOPLIST_FILE = MemeMe/Info.plist;
				LD_RUNPATH_SEARCH_PATHS = "$(inherited) @executable_path/Frameworks";
				PRODUCT_NAME = "$(TARGET_NAME)";
			};
			name = Release;
		};
		1D452C401B14F38A00672838 /* Debug */ = {
			isa = XCBuildConfiguration;
			buildSettings = {
				BUNDLE_LOADER = "$(TEST_HOST)";
				FRAMEWORK_SEARCH_PATHS = (
					"$(SDKROOT)/Developer/Library/Frameworks",
					"$(inherited)",
				);
				GCC_PREPROCESSOR_DEFINITIONS = (
					"DEBUG=1",
					"$(inherited)",
				);
				INFOPLIST_FILE = MemeMeTests/Info.plist;
				LD_RUNPATH_SEARCH_PATHS = "$(inherited) @executable_path/Frameworks @loader_path/Frameworks";
				PRODUCT_NAME = "$(TARGET_NAME)";
				TEST_HOST = "$(BUILT_PRODUCTS_DIR)/MemeMe.app/MemeMe";
			};
			name = Debug;
		};
		1D452C411B14F38A00672838 /* Release */ = {
			isa = XCBuildConfiguration;
			buildSettings = {
				BUNDLE_LOADER = "$(TEST_HOST)";
				FRAMEWORK_SEARCH_PATHS = (
					"$(SDKROOT)/Developer/Library/Frameworks",
					"$(inherited)",
				);
				INFOPLIST_FILE = MemeMeTests/Info.plist;
				LD_RUNPATH_SEARCH_PATHS = "$(inherited) @executable_path/Frameworks @loader_path/Frameworks";
				PRODUCT_NAME = "$(TARGET_NAME)";
				TEST_HOST = "$(BUILT_PRODUCTS_DIR)/MemeMe.app/MemeMe";
			};
			name = Release;
		};
/* End XCBuildConfiguration section */

/* Begin XCConfigurationList section */
		1D452C181B14F38A00672838 /* Build configuration list for PBXProject "MemeMe" */ = {
			isa = XCConfigurationList;
			buildConfigurations = (
				1D452C3A1B14F38A00672838 /* Debug */,
				1D452C3B1B14F38A00672838 /* Release */,
			);
			defaultConfigurationIsVisible = 0;
			defaultConfigurationName = Release;
		};
		1D452C3C1B14F38A00672838 /* Build configuration list for PBXNativeTarget "MemeMe" */ = {
			isa = XCConfigurationList;
			buildConfigurations = (
				1D452C3D1B14F38A00672838 /* Debug */,
				1D452C3E1B14F38A00672838 /* Release */,
			);
			defaultConfigurationIsVisible = 0;
		};
		1D452C3F1B14F38A00672838 /* Build configuration list for PBXNativeTarget "MemeMeTests" */ = {
			isa = XCConfigurationList;
			buildConfigurations = (
				1D452C401B14F38A00672838 /* Debug */,
				1D452C411B14F38A00672838 /* Release */,
			);
			defaultConfigurationIsVisible = 0;
		};
/* End XCConfigurationList section */
	};
	rootObject = 1D452C151B14F38A00672838 /* Project object */;
}
